
Microsoft Visual Studio Solution File, Format Version 12.00
# Visual Studio 15
VisualStudioVersion = 15.0.26228.9
MinimumVisualStudioVersion = 10.0.40219.1
Project("{FAE04EC0-301F-11D3-BF4B-00C04F79EFBC}") = "GeneticAlgorithmLibrary", "GeneticAlgorithmLibrary\GeneticAlgorithmLibrary.csproj", "{367FF71F-D344-402A-885C-183676FB2B39}"
EndProject
Project("{FAE04EC0-301F-11D3-BF4B-00C04F79EFBC}") = "GeneticAlgorithmConsole", "GeneticAlgorithmConsole\GeneticAlgorithmConsole.csproj", "{F4207608-CB7C-4738-B976-4AE6A8AECB31}"
EndProject
Project("{FAE04EC0-301F-11D3-BF4B-00C04F79EFBC}") = "UnitTests", "UnitTests\UnitTests.csproj", "{6070DB49-8573-47B8-9E88-743A5186058B}"
EndProject
Global
	GlobalSection(SolutionConfigurationPlatforms) = preSolution
		Debug|Any CPU = Debug|Any CPU
		Release|Any CPU = Release|Any CPU
	EndGlobalSection
	GlobalSection(ProjectConfigurationPlatforms) = postSolution
		{367FF71F-D344-402A-885C-183676FB2B39}.Debug|Any CPU.ActiveCfg = Debug|Any CPU
		{367FF71F-D344-402A-885C-183676FB2B39}.Debug|Any CPU.Build.0 = Debug|Any CPU
		{367FF71F-D344-402A-885C-183676FB2B39}.Release|Any CPU.ActiveCfg = Release|Any CPU
		{367FF71F-D344-402A-885C-183676FB2B39}.Release|Any CPU.Build.0 = Release|Any CPU
		{F4207608-CB7C-4738-B976-4AE6A8AECB31}.Debug|Any CPU.ActiveCfg = Debug|Any CPU
		{F4207608-CB7C-4738-B976-4AE6A8AECB31}.Debug|Any CPU.Build.0 = Debug|Any CPU
		{F4207608-CB7C-4738-B976-4AE6A8AECB31}.Release|Any CPU.ActiveCfg = Release|Any CPU
		{F4207608-CB7C-4738-B976-4AE6A8AECB31}.Release|Any CPU.Build.0 = Release|Any CPU
		{6070DB49-8573-47B8-9E88-743A5186058B}.Debug|Any CPU.ActiveCfg = Debug|Any CPU
		{6070DB49-8573-47B8-9E88-743A5186058B}.Debug|Any CPU.Build.0 = Debug|Any CPU
		{6070DB49-8573-47B8-9E88-743A5186058B}.Release|Any CPU.ActiveCfg = Release|Any CPU
		{6070DB49-8573-47B8-9E88-743A5186058B}.Release|Any CPU.Build.0 = Release|Any CPU
	EndGlobalSection
	GlobalSection(SolutionProperties) = preSolution
		HideSolutionNode = FALSE
	EndGlobalSection
EndGlobal
